{
  "version": 4,
  "terraform_version": "0.12.29",
  "serial": 7,
  "lineage": "e7d4bf53-1354-14ce-a5ca-2b5cb8b3961e",
  "outputs": {
    "name_servers": {
      "value": [
        "ns-1334.awsdns-38.org",
        "ns-201.awsdns-25.com",
        "ns-2046.awsdns-63.co.uk",
        "ns-556.awsdns-05.net"
      ],
      "type": [
        "list",
        "string"
      ]
    }
  },
  "resources": [
    {
      "module": "module.site_bucket",
      "mode": "data",
      "type": "template_file",
      "name": "deployer_role_policy_file",
      "provider": "provider.template",
      "instances": [
        {
          "schema_version": 0,
          "attributes": {
            "filename": null,
            "id": "f254157a64101a77646d8bcc037d13c28ae3aedf6a0369131527e327bb0cf468",
            "rendered": "{\n  \"Version\": \"2012-10-17\",\n  \"Statement\": [\n    {\n      \"Action\": [\n        \"s3:ListBucket\"\n      ],\n      \"Effect\": \"Allow\",\n      \"Resource\": \"arn:aws:s3:::freegogreen.tk-site\"\n    },\n    {\n      \"Action\": [\n        \"s3:DeleteObject\",\n        \"s3:GetObject\",\n        \"s3:GetObjectAcl\",\n        \"s3:ListBucket\",\n        \"s3:PutObject\",\n        \"s3:PutObjectAcl\"\n      ],\n      \"Effect\": \"Allow\",\n      \"Resource\": \"arn:aws:s3:::freegogreen.tk-site/*\"\n    }\n  ]\n}\n",
            "template": "{\n  \"Version\": \"2012-10-17\",\n  \"Statement\": [\n    {\n      \"Action\": [\n        \"s3:ListBucket\"\n      ],\n      \"Effect\": \"Allow\",\n      \"Resource\": \"arn:aws:s3:::${bucket}\"\n    },\n    {\n      \"Action\": [\n        \"s3:DeleteObject\",\n        \"s3:GetObject\",\n        \"s3:GetObjectAcl\",\n        \"s3:ListBucket\",\n        \"s3:PutObject\",\n        \"s3:PutObjectAcl\"\n      ],\n      \"Effect\": \"Allow\",\n      \"Resource\": \"arn:aws:s3:::${bucket}/*\"\n    }\n  ]\n}\n",
            "vars": {
              "bucket": "freegogreen.tk-site"
            }
          }
        }
      ]
    },
    {
      "module": "module.site_bucket",
      "mode": "data",
      "type": "template_file",
      "name": "site_bucket_policy",
      "provider": "provider.template",
      "instances": [
        {
          "schema_version": 0,
          "attributes": {
            "filename": null,
            "id": "25b1ac6574547ef6e534e082f48e810b9caa64ad38644287fa21efe160257577",
            "rendered": "{\n  \"Version\": \"2012-10-17\",\n  \"Statement\": [\n    {\n      \"Sid\": \"PublicReadAccess\",\n      \"Principal\": {\n        \"AWS\": \"*\"\n      },\n      \"Effect\": \"Allow\",\n      \"Action\": [\n        \"s3:GetObject\"\n      ],\n      \"Resource\": \"arn:aws:s3:::freegogreen.tk-site/*\",\n      \"Condition\": {\n        \"StringEquals\": {\n          \"aws:UserAgent\": \"\"\n        }\n      }\n    }\n  ]\n}\n",
            "template": "{\n  \"Version\": \"2012-10-17\",\n  \"Statement\": [\n    {\n      \"Sid\": \"PublicReadAccess\",\n      \"Principal\": {\n        \"AWS\": \"*\"\n      },\n      \"Effect\": \"Allow\",\n      \"Action\": [\n        \"s3:GetObject\"\n      ],\n      \"Resource\": \"arn:aws:s3:::${bucket}/*\",\n      \"Condition\": {\n        \"StringEquals\": {\n          \"aws:UserAgent\": \"\"\n        }\n      }\n    }\n  ]\n}\n",
            "vars": {
              "bucket": "freegogreen.tk-site"
            }
          }
        }
      ]
    },
    {
      "module": "module.r53_zone",
      "mode": "managed",
      "type": "aws_acm_certificate",
      "name": "cert",
      "provider": "module.r53_zone.provider.aws.us-west-1",
      "instances": [
        {
          "schema_version": 0,
          "attributes": {
            "arn": "arn:aws:acm:us-west-1:813675763174:certificate/45651ae5-feef-496b-ab55-5b72124c5f35",
            "certificate_authority_arn": "",
            "certificate_body": null,
            "certificate_chain": null,
            "domain_name": "freegogreen.tk",
            "domain_validation_options": [
              {
                "domain_name": "freegogreen.tk",
                "resource_record_name": "_24711b76d89ec4d65f815fa3bda3edb2.freegogreen.tk.",
                "resource_record_type": "CNAME",
                "resource_record_value": "_017ee5c3eeac50c26d6f7d61627537e3.zdxcnfdgtt.acm-validations.aws."
              }
            ],
            "id": "arn:aws:acm:us-west-1:813675763174:certificate/45651ae5-feef-496b-ab55-5b72124c5f35",
            "options": [
              {
                "certificate_transparency_logging_preference": "ENABLED"
              }
            ],
            "private_key": null,
            "status": "PENDING_VALIDATION",
            "subject_alternative_names": [],
            "tags": null,
            "validation_emails": [],
            "validation_method": "DNS"
          },
          "private": "bnVsbA=="
        }
      ]
    },
    {
      "module": "module.r53_zone",
      "mode": "managed",
      "type": "aws_acm_certificate_validation",
      "name": "cert",
      "provider": "module.r53_zone.provider.aws.us-west-1",
      "instances": []
    },
    {
      "module": "module.site_bucket",
      "mode": "managed",
      "type": "aws_iam_policy",
      "name": "site_admin_policy",
      "provider": "provider.aws",
      "instances": [
        {
          "schema_version": 0,
          "attributes": {
            "arn": "arn:aws:iam::813675763174:policy/freegogreen.tk-site.admin",
            "description": "Policy allowing to publish a new version of the website to the S3 bucket",
            "id": "arn:aws:iam::813675763174:policy/freegogreen.tk-site.admin",
            "name": "freegogreen.tk-site.admin",
            "name_prefix": null,
            "path": "/",
            "policy": "{\n  \"Version\": \"2012-10-17\",\n  \"Statement\": [\n    {\n      \"Action\": [\n        \"s3:ListBucket\"\n      ],\n      \"Effect\": \"Allow\",\n      \"Resource\": \"arn:aws:s3:::freegogreen.tk-site\"\n    },\n    {\n      \"Action\": [\n        \"s3:DeleteObject\",\n        \"s3:GetObject\",\n        \"s3:GetObjectAcl\",\n        \"s3:ListBucket\",\n        \"s3:PutObject\",\n        \"s3:PutObjectAcl\"\n      ],\n      \"Effect\": \"Allow\",\n      \"Resource\": \"arn:aws:s3:::freegogreen.tk-site/*\"\n    }\n  ]\n}\n"
          },
          "private": "bnVsbA=="
        }
      ]
    },
    {
      "module": "module.r53_zone",
      "mode": "managed",
      "type": "aws_route53_record",
      "name": "cert_validation",
      "provider": "provider.aws",
      "instances": [
        {
          "schema_version": 2,
          "attributes": {
            "alias": [],
            "allow_overwrite": null,
            "failover_routing_policy": [],
            "fqdn": "_24711b76d89ec4d65f815fa3bda3edb2.freegogreen.tk",
            "geolocation_routing_policy": [],
            "health_check_id": null,
            "id": "Z05330531LZY16TO5C9DT__24711b76d89ec4d65f815fa3bda3edb2.freegogreen.tk._CNAME",
            "latency_routing_policy": [],
            "multivalue_answer_routing_policy": null,
            "name": "_24711b76d89ec4d65f815fa3bda3edb2.freegogreen.tk",
            "records": [
              "_017ee5c3eeac50c26d6f7d61627537e3.zdxcnfdgtt.acm-validations.aws."
            ],
            "set_identifier": null,
            "ttl": 60,
            "type": "CNAME",
            "weighted_routing_policy": [],
            "zone_id": "Z05330531LZY16TO5C9DT"
          },
          "private": "eyJzY2hlbWFfdmVyc2lvbiI6IjIifQ==",
          "dependencies": [
            "module.r53_zone.aws_acm_certificate.cert",
            "module.r53_zone.aws_route53_zone.main"
          ]
        }
      ]
    },
    {
      "module": "module.r53_zone",
      "mode": "managed",
      "type": "aws_route53_zone",
      "name": "main",
      "provider": "provider.aws",
      "instances": [
        {
          "schema_version": 0,
          "attributes": {
            "comment": "Zone for var.domain} // Managed by Terraform",
            "delegation_set_id": "",
            "force_destroy": false,
            "id": "Z05330531LZY16TO5C9DT",
            "name": "freegogreen.tk.",
            "name_servers": [
              "ns-1334.awsdns-38.org",
              "ns-201.awsdns-25.com",
              "ns-2046.awsdns-63.co.uk",
              "ns-556.awsdns-05.net"
            ],
            "tags": null,
            "vpc": [],
            "vpc_id": null,
            "vpc_region": null,
            "zone_id": "Z05330531LZY16TO5C9DT"
          },
          "private": "bnVsbA=="
        }
      ]
    },
    {
      "module": "module.site_bucket",
      "mode": "managed",
      "type": "aws_s3_bucket",
      "name": "logs_bucket",
      "provider": "provider.aws",
      "instances": [
        {
          "schema_version": 0,
          "attributes": {
            "acceleration_status": "",
            "acl": "log-delivery-write",
            "arn": "arn:aws:s3:::freegogreen.tk-logs",
            "bucket": "freegogreen.tk-logs",
            "bucket_domain_name": "freegogreen.tk-logs.s3.amazonaws.com",
            "bucket_prefix": null,
            "bucket_regional_domain_name": "freegogreen.tk-logs.s3.us-west-1.amazonaws.com",
            "cors_rule": [],
            "force_destroy": false,
            "grant": [],
            "hosted_zone_id": "Z2F56UZL2M1ACD",
            "id": "freegogreen.tk-logs",
            "lifecycle_rule": [],
            "logging": [],
            "object_lock_configuration": [],
            "policy": null,
            "region": "us-west-1",
            "replication_configuration": [],
            "request_payer": "BucketOwner",
            "server_side_encryption_configuration": [],
            "tags": null,
            "versioning": [
              {
                "enabled": false,
                "mfa_delete": false
              }
            ],
            "website": [],
            "website_domain": null,
            "website_endpoint": null
          },
          "private": "bnVsbA=="
        }
      ]
    },
    {
      "module": "module.site_bucket",
      "mode": "managed",
      "type": "aws_s3_bucket",
      "name": "site_bucket",
      "provider": "provider.aws",
      "instances": [
        {
          "schema_version": 0,
          "attributes": {
            "acceleration_status": "",
            "acl": "private",
            "arn": "arn:aws:s3:::freegogreen.tk-site",
            "bucket": "freegogreen.tk-site",
            "bucket_domain_name": "freegogreen.tk-site.s3.amazonaws.com",
            "bucket_prefix": null,
            "bucket_regional_domain_name": "freegogreen.tk-site.s3.us-west-1.amazonaws.com",
            "cors_rule": [],
            "force_destroy": false,
            "grant": [],
            "hosted_zone_id": "Z2F56UZL2M1ACD",
            "id": "freegogreen.tk-site",
            "lifecycle_rule": [],
            "logging": [
              {
                "target_bucket": "freegogreen.tk-logs",
                "target_prefix": "freegogreen.tk/"
              }
            ],
            "object_lock_configuration": [],
            "policy": "{\"Statement\":[{\"Action\":\"s3:GetObject\",\"Condition\":{\"StringEquals\":{\"aws:UserAgent\":\"\"}},\"Effect\":\"Allow\",\"Principal\":{\"AWS\":\"*\"},\"Resource\":\"arn:aws:s3:::freegogreen.tk-site/*\",\"Sid\":\"PublicReadAccess\"}],\"Version\":\"2012-10-17\"}",
            "region": "us-west-1",
            "replication_configuration": [],
            "request_payer": "BucketOwner",
            "server_side_encryption_configuration": [],
            "tags": null,
            "versioning": [
              {
                "enabled": false,
                "mfa_delete": false
              }
            ],
            "website": [
              {
                "error_document": "error.html",
                "index_document": "index.html",
                "redirect_all_requests_to": "",
                "routing_rules": ""
              }
            ],
            "website_domain": "s3-website-us-west-1.amazonaws.com",
            "website_endpoint": "freegogreen.tk-site.s3-website-us-west-1.amazonaws.com"
          },
          "private": "bnVsbA==",
          "dependencies": [
            "module.site_bucket.aws_s3_bucket.logs_bucket"
          ]
        }
      ]
    },
    {
      "module": "module.site_bucket",
      "mode": "managed",
      "type": "aws_s3_bucket_public_access_block",
      "name": "block_public_access",
      "provider": "provider.aws",
      "instances": [
        {
          "schema_version": 0,
          "attributes": {
            "block_public_acls": true,
            "block_public_policy": true,
            "bucket": "freegogreen.tk-site",
            "id": "freegogreen.tk-site",
            "ignore_public_acls": true,
            "restrict_public_buckets": false
          },
          "private": "bnVsbA==",
          "dependencies": [
            "module.site_bucket.aws_s3_bucket.logs_bucket",
            "module.site_bucket.aws_s3_bucket.site_bucket"
          ]
        }
      ]
    }
  ]
}
